
Microsoft Visual Studio Solution File, Format Version 12.00
# Visual Studio 15
VisualStudioVersion = 15.0.26124.0
MinimumVisualStudioVersion = 15.0.26124.0
Project("{2150E333-8FDC-42A3-9474-1A3956D46DE8}") = "src", "src", "{15F09E67-9231-4C11-A686-B9BD6CA11B5C}"
EndProject
Project("{FAE04EC0-301F-11D3-BF4B-00C04F79EFBC}") = "TestLib", "src\TestLib\TestLib.csproj", "{C185FDEF-169F-4F07-8711-8514D03A6594}"
EndProject
Project("{2150E333-8FDC-42A3-9474-1A3956D46DE8}") = "tests", "tests", "{18796C4B-F65E-4CB8-9270-0A7E11DED0E9}"
EndProject
Project("{FAE04EC0-301F-11D3-BF4B-00C04F79EFBC}") = "TestDemo", "tests\TestDemo\TestDemo.csproj", "{C38B694F-9F5F-49F8-8518-B7E857F0CF3D}"
EndProject
Global
	GlobalSection(SolutionConfigurationPlatforms) = preSolution
		Debug|Any CPU = Debug|Any CPU
		Debug|x64 = Debug|x64
		Debug|x86 = Debug|x86
		Release|Any CPU = Release|Any CPU
		Release|x64 = Release|x64
		Release|x86 = Release|x86
	EndGlobalSection
	GlobalSection(SolutionProperties) = preSolution
		HideSolutionNode = FALSE
	EndGlobalSection
	GlobalSection(ProjectConfigurationPlatforms) = postSolution
		{C185FDEF-169F-4F07-8711-8514D03A6594}.Debug|Any CPU.ActiveCfg = Debug|Any CPU
		{C185FDEF-169F-4F07-8711-8514D03A6594}.Debug|Any CPU.Build.0 = Debug|Any CPU
		{C185FDEF-169F-4F07-8711-8514D03A6594}.Debug|x64.ActiveCfg = Debug|Any CPU
		{C185FDEF-169F-4F07-8711-8514D03A6594}.Debug|x64.Build.0 = Debug|Any CPU
		{C185FDEF-169F-4F07-8711-8514D03A6594}.Debug|x86.ActiveCfg = Debug|Any CPU
		{C185FDEF-169F-4F07-8711-8514D03A6594}.Debug|x86.Build.0 = Debug|Any CPU
		{C185FDEF-169F-4F07-8711-8514D03A6594}.Release|Any CPU.ActiveCfg = Release|Any CPU
		{C185FDEF-169F-4F07-8711-8514D03A6594}.Release|Any CPU.Build.0 = Release|Any CPU
		{C185FDEF-169F-4F07-8711-8514D03A6594}.Release|x64.ActiveCfg = Release|Any CPU
		{C185FDEF-169F-4F07-8711-8514D03A6594}.Release|x64.Build.0 = Release|Any CPU
		{C185FDEF-169F-4F07-8711-8514D03A6594}.Release|x86.ActiveCfg = Release|Any CPU
		{C185FDEF-169F-4F07-8711-8514D03A6594}.Release|x86.Build.0 = Release|Any CPU
		{C38B694F-9F5F-49F8-8518-B7E857F0CF3D}.Debug|Any CPU.ActiveCfg = Debug|Any CPU
		{C38B694F-9F5F-49F8-8518-B7E857F0CF3D}.Debug|Any CPU.Build.0 = Debug|Any CPU
		{C38B694F-9F5F-49F8-8518-B7E857F0CF3D}.Debug|x64.ActiveCfg = Debug|Any CPU
		{C38B694F-9F5F-49F8-8518-B7E857F0CF3D}.Debug|x64.Build.0 = Debug|Any CPU
		{C38B694F-9F5F-49F8-8518-B7E857F0CF3D}.Debug|x86.ActiveCfg = Debug|Any CPU
		{C38B694F-9F5F-49F8-8518-B7E857F0CF3D}.Debug|x86.Build.0 = Debug|Any CPU
		{C38B694F-9F5F-49F8-8518-B7E857F0CF3D}.Release|Any CPU.ActiveCfg = Release|Any CPU
		{C38B694F-9F5F-49F8-8518-B7E857F0CF3D}.Release|Any CPU.Build.0 = Release|Any CPU
		{C38B694F-9F5F-49F8-8518-B7E857F0CF3D}.Release|x64.ActiveCfg = Release|Any CPU
		{C38B694F-9F5F-49F8-8518-B7E857F0CF3D}.Release|x64.Build.0 = Release|Any CPU
		{C38B694F-9F5F-49F8-8518-B7E857F0CF3D}.Release|x86.ActiveCfg = Release|Any CPU
		{C38B694F-9F5F-49F8-8518-B7E857F0CF3D}.Release|x86.Build.0 = Release|Any CPU
	EndGlobalSection
	GlobalSection(NestedProjects) = preSolution
		{C185FDEF-169F-4F07-8711-8514D03A6594} = {15F09E67-9231-4C11-A686-B9BD6CA11B5C}
		{C38B694F-9F5F-49F8-8518-B7E857F0CF3D} = {18796C4B-F65E-4CB8-9270-0A7E11DED0E9}
	EndGlobalSection
EndGlobal
